# This file is autogenerated, do not edit; changes may be undone by the next 'dep ensure'.


[[projects]]
  branch = "master"
  name = "github.com/gotk3/gotk3"
  packages = [
    "cairo",
    "gdk",
    "glib",
    "gtk",
    "pango"
  ]
  revision = "e6314b1c74002b139f2b49f96cee7ded7cd4f2a8"

[solve-meta]
  analyzer-name = "dep"
  analyzer-version = 1
  inputs-digest = "d2583e2833db4ea7c824d9b1e37eaeab9eeba502d5c242f6e2dbec4f072ca1e3"
  solver-name = "gps-cdcl"
  solver-version = 1
